// !$*UTF8*$!
{
	archiveVersion = 1;
	classes = {
	};
	objectVersion = 46;
	objects = {

/* Begin PBXBuildFile section */
		A2AE8BF71F6A00B9004BC372 /* main.m in Sources */ = {isa = PBXBuildFile; fileRef = A2AE8BF61F6A00B9004BC372 /* main.m */; };
		A2AE8BFA1F6A00B9004BC372 /* AppDelegate.m in Sources */ = {isa = PBXBuildFile; fileRef = A2AE8BF91F6A00B9004BC372 /* AppDelegate.m */; };
		A2AE8BFD1F6A00B9004BC372 /* ViewController.m in Sources */ = {isa = PBXBuildFile; fileRef = A2AE8BFC1F6A00B9004BC372 /* ViewController.m */; };
		A2AE8C001F6A00B9004BC372 /* Main.storyboard in Resources */ = {isa = PBXBuildFile; fileRef = A2AE8BFE1F6A00B9004BC372 /* Main.storyboard */; };
		A2AE8C021F6A00B9004BC372 /* Assets.xcassets in Resources */ = {isa = PBXBuildFile; fileRef = A2AE8C011F6A00B9004BC372 /* Assets.xcassets */; };
		A2AE8C051F6A00B9004BC372 /* LaunchScreen.storyboard in Resources */ = {isa = PBXBuildFile; fileRef = A2AE8C031F6A00B9004BC372 /* LaunchScreen.storyboard */; };
/* End PBXBuildFile section */

/* Begin PBXFileReference section */
		A2AE8BF21F6A00B9004BC372 /* SecondApp.app */ = {isa = PBXFileReference; explicitFileType = wrapper.application; includeInIndex = 0; path = SecondApp.app; sourceTree = BUILT_PRODUCTS_DIR; };
		A2AE8BF61F6A00B9004BC372 /* main.m */ = {isa = PBXFileReference; lastKnownFileType = sourcecode.c.objc; path = main.m; sourceTree = "<group>"; };
		A2AE8BF81F6A00B9004BC372 /* AppDelegate.h */ = {isa = PBXFileReference; lastKnownFileType = sourcecode.c.h; path = AppDelegate.h; sourceTree = "<group>"; };
		A2AE8BF91F6A00B9004BC372 /* AppDelegate.m */ = {isa = PBXFileReference; lastKnownFileType = sourcecode.c.objc; path = AppDelegate.m; sourceTree = "<group>"; };
		A2AE8BFB1F6A00B9004BC372 /* ViewController.h */ = {isa = PBXFileReference; lastKnownFileType = sourcecode.c.h; path = ViewController.h; sourceTree = "<group>"; };
		A2AE8BFC1F6A00B9004BC372 /* ViewController.m */ = {isa = PBXFileReference; lastKnownFileType = sourcecode.c.objc; path = ViewController.m; sourceTree = "<group>"; };
		A2AE8BFF1F6A00B9004BC372 /* Base */ = {isa = PBXFileReference; lastKnownFileType = file.storyboard; name = Base; path = Base.lproj/Main.storyboard; sourceTree = "<group>"; };
		A2AE8C011F6A00B9004BC372 /* Assets.xcassets */ = {isa = PBXFileReference; lastKnownFileType = folder.assetcatalog; path = Assets.xcassets; sourceTree = "<group>"; };
		A2AE8C041F6A00B9004BC372 /* Base */ = {isa = PBXFileReference; lastKnownFileType = file.storyboard; name = Base; path = Base.lproj/LaunchScreen.storyboard; sourceTree = "<group>"; };
		A2AE8C061F6A00B9004BC372 /* Info.plist */ = {isa = PBXFileReference; lastKnownFileType = text.plist.xml; path = Info.plist; sourceTree = "<group>"; };
/* End PBXFileReference section */

/* Begin PBXFrameworksBuildPhase section */
		A2AE8BEF1F6A00B9004BC372 /* Frameworks */ = {
			isa = PBXFrameworksBuildPhase;
			buildActionMask = 2147483647;
			files = (
			);
			runOnlyForDeploymentPostprocessing = 0;
		};
/* End PBXFrameworksBuildPhase section */

/* Begin PBXGroup section */
		A2AE8BE91F6A00B9004BC372 = {
			isa = PBXGroup;
			children = (
				A2AE8BF41F6A00B9004BC372 /* SecondApp */,
				A2AE8BF31F6A00B9004BC372 /* Products */,
			);
			sourceTree = "<group>";
		};
		A2AE8BF31F6A00B9004BC372 /* Products */ = {
			isa = PBXGroup;
			children = (
				A2AE8BF21F6A00B9004BC372 /* SecondApp.app */,
			);
			name = Products;
			sourceTree = "<group>";
		};
		A2AE8BF41F6A00B9004BC372 /* SecondApp */ = {
			isa = PBXGroup;
			children = (
				A2AE8BF81F6A00B9004BC372 /* AppDelegate.h */,
				A2AE8BF91F6A00B9004BC372 /* AppDelegate.m */,
				A2AE8BFB1F6A00B9004BC372 /* ViewController.h */,
				A2AE8BFC1F6A00B9004BC372 /* ViewController.m */,
				A2AE8BFE1F6A00B9004BC372 /* Main.storyboard */,
				A2AE8C011F6A00B9004BC372 /* Assets.xcassets */,
				A2AE8C031F6A00B9004BC372 /* LaunchScreen.storyboard */,
				A2AE8C061F6A00B9004BC372 /* Info.plist */,
				A2AE8BF51F6A00B9004BC372 /* Supporting Files */,
			);
			path = SecondApp;
			sourceTree = "<group>";
		};
		A2AE8BF51F6A00B9004BC372 /* Supporting Files */ = {
			isa = PBXGroup;
			children = (
				A2AE8BF61F6A00B9004BC372 /* main.m */,
			);
			name = "Supporting Files";
			sourceTree = "<group>";
		};
/* End PBXGroup section */

/* Begin PBXNativeTarget section */
		A2AE8BF11F6A00B9004BC372 /* SecondApp */ = {
			isa = PBXNativeTarget;
			buildConfigurationList = A2AE8C091F6A00B9004BC372 /* Build configuration list for PBXNativeTarget "SecondApp" */;
			buildPhases = (
				A2AE8BEE1F6A00B9004BC372 /* Sources */,
				A2AE8BEF1F6A00B9004BC372 /* Frameworks */,
				A2AE8BF01F6A00B9004BC372 /* Resources */,
			);
			buildRules = (
			);
			dependencies = (
			);
			name = SecondApp;
			productName = SecondApp;
			productReference = A2AE8BF21F6A00B9004BC372 /* SecondApp.app */;
			productType = "com.apple.product-type.application";
		};
/* End PBXNativeTarget section */

/* Begin PBXProject section */
		A2AE8BEA1F6A00B9004BC372 /* Project object */ = {
			isa = PBXProject;
			attributes = {
				LastUpgradeCheck = 0830;
				ORGANIZATIONNAME = "Roberto Alvarez";
				TargetAttributes = {
					A2AE8BF11F6A00B9004BC372 = {
						CreatedOnToolsVersion = 8.3.2;
						ProvisioningStyle = Automatic;
					};
				};
			};
			buildConfigurationList = A2AE8BED1F6A00B9004BC372 /* Build configuration list for PBXProject "SecondApp" */;
			compatibilityVersion = "Xcode 3.2";
			developmentRegion = English;
			hasScannedForEncodings = 0;
			knownRegions = (
				en,
				Base,
			);
			mainGroup = A2AE8BE91F6A00B9004BC372;
			productRefGroup = A2AE8BF31F6A00B9004BC372 /* Products */;
			projectDirPath = "";
			projectRoot = "";
			targets = (
				A2AE8BF11F6A00B9004BC372 /* SecondApp */,
			);
		};
/* End PBXProject section */

/* Begin PBXResourcesBuildPhase section */
		A2AE8BF01F6A00B9004BC372 /* Resources */ = {
			isa = PBXResourcesBuildPhase;
			buildActionMask = 2147483647;
			files = (
				A2AE8C051F6A00B9004BC372 /* LaunchScreen.storyboard in Resources */,
				A2AE8C021F6A00B9004BC372 /* Assets.xcassets in Resources */,
				A2AE8C001F6A00B9004BC372 /* Main.storyboard in Resources */,
			);
			runOnlyForDeploymentPostprocessing = 0;
		};
/* End PBXResourcesBuildPhase section */

/* Begin PBXSourcesBuildPhase section */
		A2AE8BEE1F6A00B9004BC372 /* Sources */ = {
			isa = PBXSourcesBuildPhase;
			buildActionMask = 2147483647;
			files = (
				A2AE8BFD1F6A00B9004BC372 /* ViewController.m in Sources */,
				A2AE8BFA1F6A00B9004BC372 /* AppDelegate.m in Sources */,
				A2AE8BF71F6A00B9004BC372 /* main.m in Sources */,
			);
			runOnlyForDeploymentPostprocessing = 0;
		};
/* End PBXSourcesBuildPhase section */

/* Begin PBXVariantGroup section */
		A2AE8BFE1F6A00B9004BC372 /* Main.storyboard */ = {
			isa = PBXVariantGroup;
			children = (
				A2AE8BFF1F6A00B9004BC372 /* Base */,
			);
			name = Main.storyboard;
			sourceTree = "<group>";
		};
		A2AE8C031F6A00B9004BC372 /* LaunchScreen.storyboard */ = {
			isa = PBXVariantGroup;
			children = (
				A2AE8C041F6A00B9004BC372 /* Base */,
			);
			name = LaunchScreen.storyboard;
			sourceTree = "<group>";
		};
/* End PBXVariantGroup section */

/* Begin XCBuildConfiguration section */
		A2AE8C071F6A00B9004BC372 /* Debug */ = {
			isa = XCBuildConfiguration;
			buildSettings = {
				ALWAYS_SEARCH_USER_PATHS = NO;
				CLANG_ANALYZER_NONNULL = YES;
				CLANG_ANALYZER_NUMBER_OBJECT_CONVERSION = YES_AGGRESSIVE;
				CLANG_CXX_LANGUAGE_STANDARD = "gnu++0x";
				CLANG_CXX_LIBRARY = "libc++";
				CLANG_ENABLE_MODULES = YES;
				CLANG_ENABLE_OBJC_ARC = YES;
				CLANG_WARN_BOOL_CONVERSION = YES;
				CLANG_WARN_CONSTANT_CONVERSION = YES;
				CLANG_WARN_DIRECT_OBJC_ISA_USAGE = YES_ERROR;
				CLANG_WARN_DOCUMENTATION_COMMENTS = YES;
				CLANG_WARN_EMPTY_BODY = YES;
				CLANG_WARN_ENUM_CONVERSION = YES;
				CLANG_WARN_INFINITE_RECURSION = YES;
				CLANG_WARN_INT_CONVERSION = YES;
				CLANG_WARN_OBJC_ROOT_CLASS = YES_ERROR;
				CLANG_WARN_SUSPICIOUS_MOVE = YES;
				CLANG_WARN_UNREACHABLE_CODE = YES;
				CLANG_WARN__DUPLICATE_METHOD_MATCH = YES;
				"CODE_SIGN_IDENTITY[sdk=iphoneos*]" = "iPhone Developer";
				COPY_PHASE_STRIP = NO;
				DEBUG_INFORMATION_FORMAT = dwarf;
				ENABLE_STRICT_OBJC_MSGSEND = YES;
				ENABLE_TESTABILITY = YES;
				GCC_C_LANGUAGE_STANDARD = gnu99;
				GCC_DYNAMIC_NO_PIC = NO;
				GCC_NO_COMMON_BLOCKS = YES;
				GCC_OPTIMIZATION_LEVEL = 0;
				GCC_PREPROCESSOR_DEFINITIONS = (
					"DEBUG=1",
					"$(inherited)",
				);
				GCC_WARN_64_TO_32_BIT_CONVERSION = YES;
				GCC_WARN_ABOUT_RETURN_TYPE = YES_ERROR;
				GCC_WARN_UNDECLARED_SELECTOR = YES;
				GCC_WARN_UNINITIALIZED_AUTOS = YES_AGGRESSIVE;
				GCC_WARN_UNUSED_FUNCTION = YES;
				GCC_WARN_UNUSED_VARIABLE = YES;
				IPHONEOS_DEPLOYMENT_TARGET = 10.3;
				MTL_ENABLE_DEBUG_INFO = YES;
				ONLY_ACTIVE_ARCH = YES;
				SDKROOT = iphoneos;
				TARGETED_DEVICE_FAMILY = "1,2";
			};
			name = Debug;
		};
		A2AE8C081F6A00B9004BC372 /* Release */ = {
			isa = XCBuildConfiguration;
			buildSettings = {
				ALWAYS_SEARCH_USER_PATHS = NO;
				CLANG_ANALYZER_NONNULL = YES;
				CLANG_ANALYZER_NUMBER_OBJECT_CONVERSION = YES_AGGRESSIVE;
				CLANG_CXX_LANGUAGE_STANDARD = "gnu++0x";
				CLANG_CXX_LIBRARY = "libc++";
				CLANG_ENABLE_MODULES = YES;
				CLANG_ENABLE_OBJC_ARC = YES;
				CLANG_WARN_BOOL_CONVERSION = YES;
				CLANG_WARN_CONSTANT_CONVERSION = YES;
				CLANG_WARN_DIRECT_OBJC_ISA_USAGE = YES_ERROR;
				CLANG_WARN_DOCUMENTATION_COMMENTS = YES;
				CLANG_WARN_EMPTY_BODY = YES;
				CLANG_WARN_ENUM_CONVERSION = YES;
				CLANG_WARN_INFINITE_RECURSION = YES;
				CLANG_WARN_INT_CONVERSION = YES;
				CLANG_WARN_OBJC_ROOT_CLASS = YES_ERROR;
				CLANG_WARN_SUSPICIOUS_MOVE = YES;
				CLANG_WARN_UNREACHABLE_CODE = YES;
				CLANG_WARN__DUPLICATE_METHOD_MATCH = YES;
				"CODE_SIGN_IDENTITY[sdk=iphoneos*]" = "iPhone Developer";
				COPY_PHASE_STRIP = NO;
				DEBUG_INFORMATION_FORMAT = "dwarf-with-dsym";
				ENABLE_NS_ASSERTIONS = NO;
				ENABLE_STRICT_OBJC_MSGSEND = YES;
				GCC_C_LANGUAGE_STANDARD = gnu99;
				GCC_NO_COMMON_BLOCKS = YES;
				GCC_WARN_64_TO_32_BIT_CONVERSION = YES;
				GCC_WARN_ABOUT_RETURN_TYPE = YES_ERROR;
				GCC_WARN_UNDECLARED_SELECTOR = YES;
				GCC_WARN_UNINITIALIZED_AUTOS = YES_AGGRESSIVE;
				GCC_WARN_UNUSED_FUNCTION = YES;
				GCC_WARN_UNUSED_VARIABLE = YES;
				IPHONEOS_DEPLOYMENT_TARGET = 10.3;
				MTL_ENABLE_DEBUG_INFO = NO;
				SDKROOT = iphoneos;
				TARGETED_DEVICE_FAMILY = "1,2";
				VALIDATE_PRODUCT = YES;
			};
			name = Release;
		};
		A2AE8C0A1F6A00B9004BC372 /* Debug */ = {
			isa = XCBuildConfiguration;
			buildSettings = {
				ASSETCATALOG_COMPILER_APPICON_NAME = AppIcon;
				INFOPLIST_FILE = SecondApp/Info.plist;
				LD_RUNPATH_SEARCH_PATHS = "$(inherited) @executable_path/Frameworks";
				PRODUCT_BUNDLE_IDENTIFIER = ingcram.com.SecondApp;
				PRODUCT_NAME = "$(TARGET_NAME)";
			};
			name = Debug;
		};
		A2AE8C0B1F6A00B9004BC372 /* Release */ = {
			isa = XCBuildConfiguration;
			buildSettings = {
				ASSETCATALOG_COMPILER_APPICON_NAME = AppIcon;
				INFOPLIST_FILE = SecondApp/Info.plist;
				LD_RUNPATH_SEARCH_PATHS = "$(inherited) @executable_path/Frameworks";
				PRODUCT_BUNDLE_IDENTIFIER = ingcram.com.SecondApp;
				PRODUCT_NAME = "$(TARGET_NAME)";
			};
			name = Release;
		};
/* End XCBuildConfiguration section */

/* Begin XCConfigurationList section */
		A2AE8BED1F6A00B9004BC372 /* Build configuration list for PBXProject "SecondApp" */ = {
			isa = XCConfigurationList;
			buildConfigurations = (
				A2AE8C071F6A00B9004BC372 /* Debug */,
				A2AE8C081F6A00B9004BC372 /* Release */,
			);
			defaultConfigurationIsVisible = 0;
			defaultConfigurationName = Release;
		};
		A2AE8C091F6A00B9004BC372 /* Build configuration list for PBXNativeTarget "SecondApp" */ = {
			isa = XCConfigurationList;
			buildConfigurations = (
				A2AE8C0A1F6A00B9004BC372 /* Debug */,
				A2AE8C0B1F6A00B9004BC372 /* Release */,
			);
			defaultConfigurationIsVisible = 0;
		};
/* End XCConfigurationList section */
	};
	rootObject = A2AE8BEA1F6A00B9004BC372 /* Project object */;
}
